
Microsoft Visual Studio Solution File, Format Version 12.00
# Visual Studio Version 16
VisualStudioVersion = 16.0.32413.511
MinimumVisualStudioVersion = 10.0.40219.1
Project("{FAE04EC0-301F-11D3-BF4B-00C04F79EFBC}") = "git-cmd-demo", "git-cmd-demo\git-cmd-demo.csproj", "{48805C17-0E18-4DC1-8C38-149FDD13745E}"
EndProject
Global
	GlobalSection(SolutionConfigurationPlatforms) = preSolution
		Debug|Any CPU = Debug|Any CPU
		Release|Any CPU = Release|Any CPU
	EndGlobalSection
	GlobalSection(ProjectConfigurationPlatforms) = postSolution
		{48805C17-0E18-4DC1-8C38-149FDD13745E}.Debug|Any CPU.ActiveCfg = Debug|Any CPU
		{48805C17-0E18-4DC1-8C38-149FDD13745E}.Debug|Any CPU.Build.0 = Debug|Any CPU
		{48805C17-0E18-4DC1-8C38-149FDD13745E}.Release|Any CPU.ActiveCfg = Release|Any CPU
		{48805C17-0E18-4DC1-8C38-149FDD13745E}.Release|Any CPU.Build.0 = Release|Any CPU
	EndGlobalSection
	GlobalSection(SolutionProperties) = preSolution
		HideSolutionNode = FALSE
	EndGlobalSection
	GlobalSection(ExtensibilityGlobals) = postSolution
		SolutionGuid = {DF57FFCE-E000-49D8-9AD7-DFF8F222031C}
	EndGlobalSection
EndGlobal
